
Microsoft Visual Studio Solution File, Format Version 12.00
# Visual Studio Version 16
VisualStudioVersion = 16.0.31911.196
MinimumVisualStudioVersion = 10.0.40219.1
Project("{FAE04EC0-301F-11D3-BF4B-00C04F79EFBC}") = "TestSharpCompose", "TestSharpCompose\TestSharpCompose.csproj", "{CE6B87AA-6BBD-480B-8138-FCCAF1ADEC68}"
EndProject
Global
	GlobalSection(SolutionConfigurationPlatforms) = preSolution
		Debug|Any CPU = Debug|Any CPU
		Release|Any CPU = Release|Any CPU
	EndGlobalSection
	GlobalSection(ProjectConfigurationPlatforms) = postSolution
		{CE6B87AA-6BBD-480B-8138-FCCAF1ADEC68}.Debug|Any CPU.ActiveCfg = Debug|Any CPU
		{CE6B87AA-6BBD-480B-8138-FCCAF1ADEC68}.Debug|Any CPU.Build.0 = Debug|Any CPU
		{CE6B87AA-6BBD-480B-8138-FCCAF1ADEC68}.Release|Any CPU.ActiveCfg = Release|Any CPU
		{CE6B87AA-6BBD-480B-8138-FCCAF1ADEC68}.Release|Any CPU.Build.0 = Release|Any CPU
	EndGlobalSection
	GlobalSection(SolutionProperties) = preSolution
		HideSolutionNode = FALSE
	EndGlobalSection
	GlobalSection(ExtensibilityGlobals) = postSolution
		SolutionGuid = {7AD3C3FC-D8EE-40E5-831B-6E3942936EE3}
	EndGlobalSection
EndGlobal
